// !$*UTF8*$!
{
	archiveVersion = 1;
	classes = {
	};
	objectVersion = 42;
	objects = {

/* Begin PBXBuildFile section */
		30A99802152DE20700F8DBAD /* affine_image_generator06.cc in Sources */ = {isa = PBXBuildFile; fileRef = 30A997D8152DE20700F8DBAD /* affine_image_generator06.cc */; };
		30A99803152DE20700F8DBAD /* affine_transformation_range.cc in Sources */ = {isa = PBXBuildFile; fileRef = 30A997DA152DE20700F8DBAD /* affine_transformation_range.cc */; };
		30A99804152DE20700F8DBAD /* buffer_management.cc in Sources */ = {isa = PBXBuildFile; fileRef = 30A997DD152DE20700F8DBAD /* buffer_management.cc */; };
		30A99805152DE20700F8DBAD /* cmphomo.cc in Sources */ = {isa = PBXBuildFile; fileRef = 30A997DF152DE20700F8DBAD /* cmphomo.cc */; };
		30A99806152DE20700F8DBAD /* fern_based_point_classifier.cc in Sources */ = {isa = PBXBuildFile; fileRef = 30A997E2152DE20700F8DBAD /* fern_based_point_classifier.cc */; };
		30A99807152DE20700F8DBAD /* ferns.cc in Sources */ = {isa = PBXBuildFile; fileRef = 30A997E4152DE20700F8DBAD /* ferns.cc */; };
		30A99808152DE20700F8DBAD /* fine_gaussian_pyramid.cc in Sources */ = {isa = PBXBuildFile; fileRef = 30A997E6152DE20700F8DBAD /* fine_gaussian_pyramid.cc */; };
		30A99809152DE20700F8DBAD /* homography06.cc in Sources */ = {isa = PBXBuildFile; fileRef = 30A997E9152DE20700F8DBAD /* homography06.cc */; };
		30A9980A152DE20700F8DBAD /* homography_estimator.cc in Sources */ = {isa = PBXBuildFile; fileRef = 30A997EB152DE20700F8DBAD /* homography_estimator.cc */; };
		30A9980B152DE20700F8DBAD /* main.cc in Sources */ = {isa = PBXBuildFile; fileRef = 30A997EE152DE20700F8DBAD /* main.cc */; };
		30A9980D152DE20700F8DBAD /* mcv.cc in Sources */ = {isa = PBXBuildFile; fileRef = 30A997F1152DE20700F8DBAD /* mcv.cc */; };
		30A9980E152DE20700F8DBAD /* mcvGaussianSmoothing.cc in Sources */ = {isa = PBXBuildFile; fileRef = 30A997F3152DE20700F8DBAD /* mcvGaussianSmoothing.cc */; };
		30A9980F152DE20700F8DBAD /* planar_pattern_detector.cc in Sources */ = {isa = PBXBuildFile; fileRef = 30A997F7152DE20700F8DBAD /* planar_pattern_detector.cc */; };
		30A99810152DE20700F8DBAD /* planar_pattern_detector_builder.cc in Sources */ = {isa = PBXBuildFile; fileRef = 30A997F9152DE20700F8DBAD /* planar_pattern_detector_builder.cc */; };
		30A99811152DE20700F8DBAD /* pyr_yape06.cc in Sources */ = {isa = PBXBuildFile; fileRef = 30A997FB152DE20700F8DBAD /* pyr_yape06.cc */; };
		30A99812152DE20700F8DBAD /* template_matching_based_tracker.cc in Sources */ = {isa = PBXBuildFile; fileRef = 30A997FE152DE20700F8DBAD /* template_matching_based_tracker.cc */; };
		30A99813152DE20700F8DBAD /* ofxFern.cpp in Sources */ = {isa = PBXBuildFile; fileRef = 30A99800152DE20700F8DBAD /* ofxFern.cpp */; };
		30A99919152DE30C00F8DBAD /* opencv.a in Frameworks */ = {isa = PBXBuildFile; fileRef = 30A998AD152DE30B00F8DBAD /* opencv.a */; };
		30A9995C152DE36700F8DBAD /* ofxCvColorImage.cpp in Sources */ = {isa = PBXBuildFile; fileRef = 30A9994B152DE36700F8DBAD /* ofxCvColorImage.cpp */; };
		30A9995D152DE36700F8DBAD /* ofxCvContourFinder.cpp in Sources */ = {isa = PBXBuildFile; fileRef = 30A9994E152DE36700F8DBAD /* ofxCvContourFinder.cpp */; };
		30A9995E152DE36700F8DBAD /* ofxCvFloatImage.cpp in Sources */ = {isa = PBXBuildFile; fileRef = 30A99950152DE36700F8DBAD /* ofxCvFloatImage.cpp */; };
		30A9995F152DE36700F8DBAD /* ofxCvGrayscaleImage.cpp in Sources */ = {isa = PBXBuildFile; fileRef = 30A99952152DE36700F8DBAD /* ofxCvGrayscaleImage.cpp */; };
		30A99960152DE36700F8DBAD /* ofxCvHaarFinder.cpp in Sources */ = {isa = PBXBuildFile; fileRef = 30A99954152DE36700F8DBAD /* ofxCvHaarFinder.cpp */; };
		30A99961152DE36700F8DBAD /* ofxCvImage.cpp in Sources */ = {isa = PBXBuildFile; fileRef = 30A99956152DE36700F8DBAD /* ofxCvImage.cpp */; };
		30A99962152DE36700F8DBAD /* ofxCvShortImage.cpp in Sources */ = {isa = PBXBuildFile; fileRef = 30A99959152DE36700F8DBAD /* ofxCvShortImage.cpp */; };
		BBAB23CB13894F3D00AA2426 /* GLUT.framework in CopyFiles */ = {isa = PBXBuildFile; fileRef = BBAB23BE13894E4700AA2426 /* GLUT.framework */; };
		E4328149138ABC9F0047C5CB /* openFrameworksDebug.a in Frameworks */ = {isa = PBXBuildFile; fileRef = E4328148138ABC890047C5CB /* openFrameworksDebug.a */; };
		E45BE97B0E8CC7DD009D7055 /* AGL.framework in Frameworks */ = {isa = PBXBuildFile; fileRef = E45BE9710E8CC7DD009D7055 /* AGL.framework */; };
		E45BE97C0E8CC7DD009D7055 /* ApplicationServices.framework in Frameworks */ = {isa = PBXBuildFile; fileRef = E45BE9720E8CC7DD009D7055 /* ApplicationServices.framework */; };
		E45BE97D0E8CC7DD009D7055 /* AudioToolbox.framework in Frameworks */ = {isa = PBXBuildFile; fileRef = E45BE9730E8CC7DD009D7055 /* AudioToolbox.framework */; };
		E45BE97E0E8CC7DD009D7055 /* Carbon.framework in Frameworks */ = {isa = PBXBuildFile; fileRef = E45BE9740E8CC7DD009D7055 /* Carbon.framework */; };
		E45BE97F0E8CC7DD009D7055 /* CoreAudio.framework in Frameworks */ = {isa = PBXBuildFile; fileRef = E45BE9750E8CC7DD009D7055 /* CoreAudio.framework */; };
		E45BE9800E8CC7DD009D7055 /* CoreFoundation.framework in Frameworks */ = {isa = PBXBuildFile; fileRef = E45BE9760E8CC7DD009D7055 /* CoreFoundation.framework */; };
		E45BE9810E8CC7DD009D7055 /* CoreServices.framework in Frameworks */ = {isa = PBXBuildFile; fileRef = E45BE9770E8CC7DD009D7055 /* CoreServices.framework */; };
		E45BE9830E8CC7DD009D7055 /* OpenGL.framework in Frameworks */ = {isa = PBXBuildFile; fileRef = E45BE9790E8CC7DD009D7055 /* OpenGL.framework */; };
		E45BE9840E8CC7DD009D7055 /* QuickTime.framework in Frameworks */ = {isa = PBXBuildFile; fileRef = E45BE97A0E8CC7DD009D7055 /* QuickTime.framework */; };
		E4B69E200A3A1BDC003C02F2 /* main.cpp in Sources */ = {isa = PBXBuildFile; fileRef = E4B69E1D0A3A1BDC003C02F2 /* main.cpp */; };
		E4B69E210A3A1BDC003C02F2 /* testApp.cpp in Sources */ = {isa = PBXBuildFile; fileRef = E4B69E1E0A3A1BDC003C02F2 /* testApp.cpp */; };
		E4C2424710CC5A17004149E2 /* AppKit.framework in Frameworks */ = {isa = PBXBuildFile; fileRef = E4C2424410CC5A17004149E2 /* AppKit.framework */; };
		E4C2424810CC5A17004149E2 /* Cocoa.framework in Frameworks */ = {isa = PBXBuildFile; fileRef = E4C2424510CC5A17004149E2 /* Cocoa.framework */; };
		E4C2424910CC5A17004149E2 /* IOKit.framework in Frameworks */ = {isa = PBXBuildFile; fileRef = E4C2424610CC5A17004149E2 /* IOKit.framework */; };
		E4EB6799138ADC1D00A09F29 /* GLUT.framework in Frameworks */ = {isa = PBXBuildFile; fileRef = BBAB23BE13894E4700AA2426 /* GLUT.framework */; };
/* End PBXBuildFile section */

/* Begin PBXContainerItemProxy section */
		E4328147138ABC890047C5CB /* PBXContainerItemProxy */ = {
			isa = PBXContainerItemProxy;
			containerPortal = E4328143138ABC890047C5CB /* openFrameworksLib.xcodeproj */;
			proxyType = 2;
			remoteGlobalIDString = E4B27C1510CBEB8E00536013;
			remoteInfo = openFrameworks;
		};
		E4EEB9AB138B136A00A80321 /* PBXContainerItemProxy */ = {
			isa = PBXContainerItemProxy;
			containerPortal = E4328143138ABC890047C5CB /* openFrameworksLib.xcodeproj */;
			proxyType = 1;
			remoteGlobalIDString = E4B27C1410CBEB8E00536013;
			remoteInfo = openFrameworks;
		};
/* End PBXContainerItemProxy section */

/* Begin PBXCopyFilesBuildPhase section */
		E4C2427710CC5ABF004149E2 /* CopyFiles */ = {
			isa = PBXCopyFilesBuildPhase;
			buildActionMask = 2147483647;
			dstPath = "";
			dstSubfolderSpec = 10;
			files = (
				BBAB23CB13894F3D00AA2426 /* GLUT.framework in CopyFiles */,
			);
			runOnlyForDeploymentPostprocessing = 0;
		};
/* End PBXCopyFilesBuildPhase section */

/* Begin PBXFileReference section */
		30A997D8152DE20700F8DBAD /* affine_image_generator06.cc */ = {isa = PBXFileReference; fileEncoding = 4; lastKnownFileType = sourcecode.cpp.cpp; path = affine_image_generator06.cc; sourceTree = "<group>"; };
		30A997D9152DE20700F8DBAD /* affine_image_generator06.h */ = {isa = PBXFileReference; fileEncoding = 4; lastKnownFileType = sourcecode.c.h; path = affine_image_generator06.h; sourceTree = "<group>"; };
		30A997DA152DE20700F8DBAD /* affine_transformation_range.cc */ = {isa = PBXFileReference; fileEncoding = 4; lastKnownFileType = sourcecode.cpp.cpp; path = affine_transformation_range.cc; sourceTree = "<group>"; };
		30A997DB152DE20700F8DBAD /* affine_transformation_range.h */ = {isa = PBXFileReference; fileEncoding = 4; lastKnownFileType = sourcecode.c.h; path = affine_transformation_range.h; sourceTree = "<group>"; };
		30A997DD152DE20700F8DBAD /* buffer_management.cc */ = {isa = PBXFileReference; fileEncoding = 4; lastKnownFileType = sourcecode.cpp.cpp; path = buffer_management.cc; sourceTree = "<group>"; };
		30A997DE152DE20700F8DBAD /* buffer_management.h */ = {isa = PBXFileReference; fileEncoding = 4; lastKnownFileType = sourcecode.c.h; path = buffer_management.h; sourceTree = "<group>"; };
		30A997DF152DE20700F8DBAD /* cmphomo.cc */ = {isa = PBXFileReference; fileEncoding = 4; lastKnownFileType = sourcecode.cpp.cpp; path = cmphomo.cc; sourceTree = "<group>"; };
		30A997E0152DE20700F8DBAD /* cmphomo.h */ = {isa = PBXFileReference; fileEncoding = 4; lastKnownFileType = sourcecode.c.h; path = cmphomo.h; sourceTree = "<group>"; };
		30A997E2152DE20700F8DBAD /* fern_based_point_classifier.cc */ = {isa = PBXFileReference; fileEncoding = 4; lastKnownFileType = sourcecode.cpp.cpp; path = fern_based_point_classifier.cc; sourceTree = "<group>"; };
		30A997E3152DE20700F8DBAD /* fern_based_point_classifier.h */ = {isa = PBXFileReference; fileEncoding = 4; lastKnownFileType = sourcecode.c.h; path = fern_based_point_classifier.h; sourceTree = "<group>"; };
		30A997E4152DE20700F8DBAD /* ferns.cc */ = {isa = PBXFileReference; fileEncoding = 4; lastKnownFileType = sourcecode.cpp.cpp; path = ferns.cc; sourceTree = "<group>"; };
		30A997E5152DE20700F8DBAD /* ferns.h */ = {isa = PBXFileReference; fileEncoding = 4; lastKnownFileType = sourcecode.c.h; path = ferns.h; sourceTree = "<group>"; };
		30A997E6152DE20700F8DBAD /* fine_gaussian_pyramid.cc */ = {isa = PBXFileReference; fileEncoding = 4; lastKnownFileType = sourcecode.cpp.cpp; path = fine_gaussian_pyramid.cc; sourceTree = "<group>"; };
		30A997E7152DE20700F8DBAD /* fine_gaussian_pyramid.h */ = {isa = PBXFileReference; fileEncoding = 4; lastKnownFileType = sourcecode.c.h; path = fine_gaussian_pyramid.h; sourceTree = "<group>"; };
		30A997E8152DE20700F8DBAD /* general.h */ = {isa = PBXFileReference; fileEncoding = 4; lastKnownFileType = sourcecode.c.h; path = general.h; sourceTree = "<group>"; };
		30A997E9152DE20700F8DBAD /* homography06.cc */ = {isa = PBXFileReference; fileEncoding = 4; lastKnownFileType = sourcecode.cpp.cpp; path = homography06.cc; sourceTree = "<group>"; };
		30A997EA152DE20700F8DBAD /* homography06.h */ = {isa = PBXFileReference; fileEncoding = 4; lastKnownFileType = sourcecode.c.h; path = homography06.h; sourceTree = "<group>"; };
		30A997EB152DE20700F8DBAD /* homography_estimator.cc */ = {isa = PBXFileReference; fileEncoding = 4; lastKnownFileType = sourcecode.cpp.cpp; path = homography_estimator.cc; sourceTree = "<group>"; };
		30A997EC152DE20700F8DBAD /* homography_estimator.h */ = {isa = PBXFileReference; fileEncoding = 4; lastKnownFileType = sourcecode.c.h; path = homography_estimator.h; sourceTree = "<group>"; };
		30A997ED152DE20700F8DBAD /* keypoint.h */ = {isa = PBXFileReference; fileEncoding = 4; lastKnownFileType = sourcecode.c.h; path = keypoint.h; sourceTree = "<group>"; };
		30A997EE152DE20700F8DBAD /* main.cc */ = {isa = PBXFileReference; fileEncoding = 4; lastKnownFileType = sourcecode.cpp.cpp; path = main.cc; sourceTree = "<group>"; };
		30A997F1152DE20700F8DBAD /* mcv.cc */ = {isa = PBXFileReference; fileEncoding = 4; lastKnownFileType = sourcecode.cpp.cpp; path = mcv.cc; sourceTree = "<group>"; };
		30A997F2152DE20700F8DBAD /* mcv.h */ = {isa = PBXFileReference; fileEncoding = 4; lastKnownFileType = sourcecode.c.h; path = mcv.h; sourceTree = "<group>"; };
		30A997F3152DE20700F8DBAD /* mcvGaussianSmoothing.cc */ = {isa = PBXFileReference; fileEncoding = 4; lastKnownFileType = sourcecode.cpp.cpp; path = mcvGaussianSmoothing.cc; sourceTree = "<group>"; };
		30A997F4152DE20700F8DBAD /* mcvGaussianSmoothing.h */ = {isa = PBXFileReference; fileEncoding = 4; lastKnownFileType = sourcecode.c.h; path = mcvGaussianSmoothing.h; sourceTree = "<group>"; };
		30A997F7152DE20700F8DBAD /* planar_pattern_detector.cc */ = {isa = PBXFileReference; fileEncoding = 4; lastKnownFileType = sourcecode.cpp.cpp; path = planar_pattern_detector.cc; sourceTree = "<group>"; };
		30A997F8152DE20700F8DBAD /* planar_pattern_detector.h */ = {isa = PBXFileReference; fileEncoding = 4; lastKnownFileType = sourcecode.c.h; path = planar_pattern_detector.h; sourceTree = "<group>"; };
		30A997F9152DE20700F8DBAD /* planar_pattern_detector_builder.cc */ = {isa = PBXFileReference; fileEncoding = 4; lastKnownFileType = sourcecode.cpp.cpp; path = planar_pattern_detector_builder.cc; sourceTree = "<group>"; };
		30A997FA152DE20700F8DBAD /* planar_pattern_detector_builder.h */ = {isa = PBXFileReference; fileEncoding = 4; lastKnownFileType = sourcecode.c.h; path = planar_pattern_detector_builder.h; sourceTree = "<group>"; };
		30A997FB152DE20700F8DBAD /* pyr_yape06.cc */ = {isa = PBXFileReference; fileEncoding = 4; lastKnownFileType = sourcecode.cpp.cpp; path = pyr_yape06.cc; sourceTree = "<group>"; };
		30A997FC152DE20700F8DBAD /* pyr_yape06.h */ = {isa = PBXFileReference; fileEncoding = 4; lastKnownFileType = sourcecode.c.h; path = pyr_yape06.h; sourceTree = "<group>"; };
		30A997FE152DE20700F8DBAD /* template_matching_based_tracker.cc */ = {isa = PBXFileReference; fileEncoding = 4; lastKnownFileType = sourcecode.cpp.cpp; path = template_matching_based_tracker.cc; sourceTree = "<group>"; };
		30A997FF152DE20700F8DBAD /* template_matching_based_tracker.h */ = {isa = PBXFileReference; fileEncoding = 4; lastKnownFileType = sourcecode.c.h; path = template_matching_based_tracker.h; sourceTree = "<group>"; };
		30A99800152DE20700F8DBAD /* ofxFern.cpp */ = {isa = PBXFileReference; fileEncoding = 4; lastKnownFileType = sourcecode.cpp.cpp; path = ofxFern.cpp; sourceTree = "<group>"; };
		30A99801152DE20700F8DBAD /* ofxFern.h */ = {isa = PBXFileReference; fileEncoding = 4; lastKnownFileType = sourcecode.c.h; path = ofxFern.h; sourceTree = "<group>"; };
		30A99819152DE30B00F8DBAD /* cv.h */ = {isa = PBXFileReference; fileEncoding = 4; lastKnownFileType = sourcecode.c.h; path = cv.h; sourceTree = "<group>"; };
		30A9981A152DE30B00F8DBAD /* cv.hpp */ = {isa = PBXFileReference; fileEncoding = 4; lastKnownFileType = sourcecode.cpp.h; path = cv.hpp; sourceTree = "<group>"; };
		30A9981B152DE30B00F8DBAD /* cvaux.h */ = {isa = PBXFileReference; fileEncoding = 4; lastKnownFileType = sourcecode.c.h; path = cvaux.h; sourceTree = "<group>"; };
		30A9981C152DE30B00F8DBAD /* cvaux.hpp */ = {isa = PBXFileReference; fileEncoding = 4; lastKnownFileType = sourcecode.cpp.h; path = cvaux.hpp; sourceTree = "<group>"; };
		30A9981D152DE30B00F8DBAD /* cvwimage.h */ = {isa = PBXFileReference; fileEncoding = 4; lastKnownFileType = sourcecode.c.h; path = cvwimage.h; sourceTree = "<group>"; };
		30A9981E152DE30B00F8DBAD /* cxcore.h */ = {isa = PBXFileReference; fileEncoding = 4; lastKnownFileType = sourcecode.c.h; path = cxcore.h; sourceTree = "<group>"; };
		30A9981F152DE30B00F8DBAD /* cxcore.hpp */ = {isa = PBXFileReference; fileEncoding = 4; lastKnownFileType = sourcecode.cpp.h; path = cxcore.hpp; sourceTree = "<group>"; };
		30A99820152DE30B00F8DBAD /* cxeigen.hpp */ = {isa = PBXFileReference; fileEncoding = 4; lastKnownFileType = sourcecode.cpp.h; path = cxeigen.hpp; sourceTree = "<group>"; };
		30A99821152DE30B00F8DBAD /* cxmisc.h */ = {isa = PBXFileReference; fileEncoding = 4; lastKnownFileType = sourcecode.c.h; path = cxmisc.h; sourceTree = "<group>"; };
		30A99822152DE30B00F8DBAD /* highgui.h */ = {isa = PBXFileReference; fileEncoding = 4; lastKnownFileType = sourcecode.c.h; path = highgui.h; sourceTree = "<group>"; };
		30A99823152DE30B00F8DBAD /* ml.h */ = {isa = PBXFileReference; fileEncoding = 4; lastKnownFileType = sourcecode.c.h; path = ml.h; sourceTree = "<group>"; };
		30A99826152DE30B00F8DBAD /* calib3d.hpp */ = {isa = PBXFileReference; fileEncoding = 4; lastKnownFileType = sourcecode.cpp.h; path = calib3d.hpp; sourceTree = "<group>"; };
		30A99828152DE30B00F8DBAD /* contrib.hpp */ = {isa = PBXFileReference; fileEncoding = 4; lastKnownFileType = sourcecode.cpp.h; path = contrib.hpp; sourceTree = "<group>"; };
		30A9982A152DE30B00F8DBAD /* core.hpp */ = {isa = PBXFileReference; fileEncoding = 4; lastKnownFileType = sourcecode.cpp.h; path = core.hpp; sourceTree = "<group>"; };
		30A9982B152DE30B00F8DBAD /* core_c.h */ = {isa = PBXFileReference; fileEncoding = 4; lastKnownFileType = sourcecode.c.h; path = core_c.h; sourceTree = "<group>"; };
		30A9982C152DE30B00F8DBAD /* eigen.hpp */ = {isa = PBXFileReference; fileEncoding = 4; lastKnownFileType = sourcecode.cpp.h; path = eigen.hpp; sourceTree = "<group>"; };
		30A9982D152DE30B00F8DBAD /* internal.hpp */ = {isa = PBXFileReference; fileEncoding = 4; lastKnownFileType = sourcecode.cpp.h; path = internal.hpp; sourceTree = "<group>"; };
		30A9982E152DE30B00F8DBAD /* mat.hpp */ = {isa = PBXFileReference; fileEncoding = 4; lastKnownFileType = sourcecode.cpp.h; path = mat.hpp; sourceTree = "<group>"; };
		30A9982F152DE30B00F8DBAD /* operations.hpp */ = {isa = PBXFileReference; fileEncoding = 4; lastKnownFileType = sourcecode.cpp.h; path = operations.hpp; sourceTree = "<group>"; };
		30A99830152DE30B00F8DBAD /* types_c.h */ = {isa = PBXFileReference; fileEncoding = 4; lastKnownFileType = sourcecode.c.h; path = types_c.h; sourceTree = "<group>"; };
		30A99831152DE30B00F8DBAD /* version.hpp */ = {isa = PBXFileReference; fileEncoding = 4; lastKnownFileType = sourcecode.cpp.h; path = version.hpp; sourceTree = "<group>"; };
		30A99832152DE30B00F8DBAD /* wimage.hpp */ = {isa = PBXFileReference; fileEncoding = 4; lastKnownFileType = sourcecode.cpp.h; path = wimage.hpp; sourceTree = "<group>"; };
		30A99834152DE30B00F8DBAD /* features2d.hpp */ = {isa = PBXFileReference; fileEncoding = 4; lastKnownFileType = sourcecode.cpp.h; path = features2d.hpp; sourceTree = "<group>"; };
		30A99836152DE30B00F8DBAD /* all_indices.h */ = {isa = PBXFileReference; fileEncoding = 4; lastKnownFileType = sourcecode.c.h; path = all_indices.h; sourceTree = "<group>"; };
		30A99837152DE30B00F8DBAD /* allocator.h */ = {isa = PBXFileReference; fileEncoding = 4; lastKnownFileType = sourcecode.c.h; path = allocator.h; sourceTree = "<group>"; };
		30A99838152DE30B00F8DBAD /* autotuned_index.h */ = {isa = PBXFileReference; fileEncoding = 4; lastKnownFileType = sourcecode.c.h; path = autotuned_index.h; sourceTree = "<group>"; };
		30A99839152DE30B00F8DBAD /* composite_index.h */ = {isa = PBXFileReference; fileEncoding = 4; lastKnownFileType = sourcecode.c.h; path = composite_index.h; sourceTree = "<group>"; };
		30A9983A152DE30B00F8DBAD /* dist.h */ = {isa = PBXFileReference; fileEncoding = 4; lastKnownFileType = sourcecode.c.h; path = dist.h; sourceTree = "<group>"; };
		30A9983B152DE30B00F8DBAD /* flann.hpp */ = {isa = PBXFileReference; fileEncoding = 4; lastKnownFileType = sourcecode.cpp.h; path = flann.hpp; sourceTree = "<group>"; };
		30A9983C152DE30B00F8DBAD /* flann_base.hpp */ = {isa = PBXFileReference; fileEncoding = 4; lastKnownFileType = sourcecode.cpp.h; path = flann_base.hpp; sourceTree = "<group>"; };
		30A9983D152DE30B00F8DBAD /* general.h */ = {isa = PBXFileReference; fileEncoding = 4; lastKnownFileType = sourcecode.c.h; path = general.h; sourceTree = "<group>"; };
		30A9983E152DE30B00F8DBAD /* ground_truth.h */ = {isa = PBXFileReference; fileEncoding = 4; lastKnownFileType = sourcecode.c.h; path = ground_truth.h; sourceTree = "<group>"; };
		30A9983F152DE30B00F8DBAD /* hdf5.h */ = {isa = PBXFileReference; fileEncoding = 4; lastKnownFileType = sourcecode.c.h; path = hdf5.h; sourceTree = "<group>"; };
		30A99840152DE30B00F8DBAD /* heap.h */ = {isa = PBXFileReference; fileEncoding = 4; lastKnownFileType = sourcecode.c.h; path = heap.h; sourceTree = "<group>"; };
		30A99841152DE30B00F8DBAD /* index_testing.h */ = {isa = PBXFileReference; fileEncoding = 4; lastKnownFileType = sourcecode.c.h; path = index_testing.h; sourceTree = "<group>"; };
		30A99842152DE30B00F8DBAD /* kdtree_index.h */ = {isa = PBXFileReference; fileEncoding = 4; lastKnownFileType = sourcecode.c.h; path = kdtree_index.h; sourceTree = "<group>"; };
		30A99843152DE30B00F8DBAD /* kmeans_index.h */ = {isa = PBXFileReference; fileEncoding = 4; lastKnownFileType = sourcecode.c.h; path = kmeans_index.h; sourceTree = "<group>"; };
		30A99844152DE30B00F8DBAD /* linear_index.h */ = {isa = PBXFileReference; fileEncoding = 4; lastKnownFileType = sourcecode.c.h; path = linear_index.h; sourceTree = "<group>"; };
		30A99845152DE30B00F8DBAD /* logger.h */ = {isa = PBXFileReference; fileEncoding = 4; lastKnownFileType = sourcecode.c.h; path = logger.h; sourceTree = "<group>"; };
		30A99846152DE30B00F8DBAD /* matrix.h */ = {isa = PBXFileReference; fileEncoding = 4; lastKnownFileType = sourcecode.c.h; path = matrix.h; sourceTree = "<group>"; };
		30A99847152DE30B00F8DBAD /* nn_index.h */ = {isa = PBXFileReference; fileEncoding = 4; lastKnownFileType = sourcecode.c.h; path = nn_index.h; sourceTree = "<group>"; };
		30A99848152DE30B00F8DBAD /* object_factory.h */ = {isa = PBXFileReference; fileEncoding = 4; lastKnownFileType = sourcecode.c.h; path = object_factory.h; sourceTree = "<group>"; };
		30A99849152DE30B00F8DBAD /* random.h */ = {isa = PBXFileReference; fileEncoding = 4; lastKnownFileType = sourcecode.c.h; path = random.h; sourceTree = "<group>"; };
		30A9984A152DE30B00F8DBAD /* result_set.h */ = {isa = PBXFileReference; fileEncoding = 4; lastKnownFileType = sourcecode.c.h; path = result_set.h; sourceTree = "<group>"; };
		30A9984B152DE30B00F8DBAD /* sampling.h */ = {isa = PBXFileReference; fileEncoding = 4; lastKnownFileType = sourcecode.c.h; path = sampling.h; sourceTree = "<group>"; };
		30A9984C152DE30B00F8DBAD /* saving.h */ = {isa = PBXFileReference; fileEncoding = 4; lastKnownFileType = sourcecode.c.h; path = saving.h; sourceTree = "<group>"; };
		30A9984D152DE30B00F8DBAD /* simplex_downhill.h */ = {isa = PBXFileReference; fileEncoding = 4; lastKnownFileType = sourcecode.c.h; path = simplex_downhill.h; sourceTree = "<group>"; };
		30A9984E152DE30B00F8DBAD /* timer.h */ = {isa = PBXFileReference; fileEncoding = 4; lastKnownFileType = sourcecode.c.h; path = timer.h; sourceTree = "<group>"; };
		30A99850152DE30B00F8DBAD /* devmem2d.hpp */ = {isa = PBXFileReference; fileEncoding = 4; lastKnownFileType = sourcecode.cpp.h; path = devmem2d.hpp; sourceTree = "<group>"; };
		30A99851152DE30B00F8DBAD /* gpu.hpp */ = {isa = PBXFileReference; fileEncoding = 4; lastKnownFileType = sourcecode.cpp.h; path = gpu.hpp; sourceTree = "<group>"; };
		30A99852152DE30B00F8DBAD /* matrix_operations.hpp */ = {isa = PBXFileReference; fileEncoding = 4; lastKnownFileType = sourcecode.cpp.h; path = matrix_operations.hpp; sourceTree = "<group>"; };
		30A99853152DE30B00F8DBAD /* stream_accessor.hpp */ = {isa = PBXFileReference; fileEncoding = 4; lastKnownFileType = sourcecode.cpp.h; path = stream_accessor.hpp; sourceTree = "<group>"; };
		30A99855152DE30B00F8DBAD /* highgui.hpp */ = {isa = PBXFileReference; fileEncoding = 4; lastKnownFileType = sourcecode.cpp.h; path = highgui.hpp; sourceTree = "<group>"; };
		30A99856152DE30B00F8DBAD /* highgui_c.h */ = {isa = PBXFileReference; fileEncoding = 4; lastKnownFileType = sourcecode.c.h; path = highgui_c.h; sourceTree = "<group>"; };
		30A99858152DE30B00F8DBAD /* imgproc.hpp */ = {isa = PBXFileReference; fileEncoding = 4; lastKnownFileType = sourcecode.cpp.h; path = imgproc.hpp; sourceTree = "<group>"; };
		30A99859152DE30B00F8DBAD /* imgproc_c.h */ = {isa = PBXFileReference; fileEncoding = 4; lastKnownFileType = sourcecode.c.h; path = imgproc_c.h; sourceTree = "<group>"; };
		30A9985A152DE30B00F8DBAD /* types_c.h */ = {isa = PBXFileReference; fileEncoding = 4; lastKnownFileType = sourcecode.c.h; path = types_c.h; sourceTree = "<group>"; };
		30A9985C152DE30B00F8DBAD /* blobtrack.hpp */ = {isa = PBXFileReference; fileEncoding = 4; lastKnownFileType = sourcecode.cpp.h; path = blobtrack.hpp; sourceTree = "<group>"; };
		30A9985D152DE30B00F8DBAD /* compat.hpp */ = {isa = PBXFileReference; fileEncoding = 4; lastKnownFileType = sourcecode.cpp.h; path = compat.hpp; sourceTree = "<group>"; };
		30A9985E152DE30B00F8DBAD /* legacy.hpp */ = {isa = PBXFileReference; fileEncoding = 4; lastKnownFileType = sourcecode.cpp.h; path = legacy.hpp; sourceTree = "<group>"; };
		30A9985F152DE30B00F8DBAD /* streams.hpp */ = {isa = PBXFileReference; fileEncoding = 4; lastKnownFileType = sourcecode.cpp.h; path = streams.hpp; sourceTree = "<group>"; };
		30A99861152DE30B00F8DBAD /* ml.hpp */ = {isa = PBXFileReference; fileEncoding = 4; lastKnownFileType = sourcecode.cpp.h; path = ml.hpp; sourceTree = "<group>"; };
		30A99863152DE30B00F8DBAD /* objdetect.hpp */ = {isa = PBXFileReference; fileEncoding = 4; lastKnownFileType = sourcecode.cpp.h; path = objdetect.hpp; sourceTree = "<group>"; };
		30A99864152DE30B00F8DBAD /* opencv.hpp */ = {isa = PBXFileReference; fileEncoding = 4; lastKnownFileType = sourcecode.cpp.h; path = opencv.hpp; sourceTree = "<group>"; };
		30A99866152DE30B00F8DBAD /* background_segm.hpp */ = {isa = PBXFileReference; fileEncoding = 4; lastKnownFileType = sourcecode.cpp.h; path = background_segm.hpp; sourceTree = "<group>"; };
		30A99867152DE30B00F8DBAD /* tracking.hpp */ = {isa = PBXFileReference; fileEncoding = 4; lastKnownFileType = sourcecode.cpp.h; path = tracking.hpp; sourceTree = "<group>"; };
		30A998AD152DE30B00F8DBAD /* opencv.a */ = {isa = PBXFileReference; lastKnownFileType = archive.ar; path = opencv.a; sourceTree = "<group>"; };
		30A9994A152DE36700F8DBAD /* ofxCvBlob.h */ = {isa = PBXFileReference; fileEncoding = 4; lastKnownFileType = sourcecode.c.h; path = ofxCvBlob.h; sourceTree = "<group>"; };
		30A9994B152DE36700F8DBAD /* ofxCvColorImage.cpp */ = {isa = PBXFileReference; fileEncoding = 4; lastKnownFileType = sourcecode.cpp.cpp; path = ofxCvColorImage.cpp; sourceTree = "<group>"; };
		30A9994C152DE36700F8DBAD /* ofxCvColorImage.h */ = {isa = PBXFileReference; fileEncoding = 4; lastKnownFileType = sourcecode.c.h; path = ofxCvColorImage.h; sourceTree = "<group>"; };
		30A9994D152DE36700F8DBAD /* ofxCvConstants.h */ = {isa = PBXFileReference; fileEncoding = 4; lastKnownFileType = sourcecode.c.h; path = ofxCvConstants.h; sourceTree = "<group>"; };
		30A9994E152DE36700F8DBAD /* ofxCvContourFinder.cpp */ = {isa = PBXFileReference; fileEncoding = 4; lastKnownFileType = sourcecode.cpp.cpp; path = ofxCvContourFinder.cpp; sourceTree = "<group>"; };
		30A9994F152DE36700F8DBAD /* ofxCvContourFinder.h */ = {isa = PBXFileReference; fileEncoding = 4; lastKnownFileType = sourcecode.c.h; path = ofxCvContourFinder.h; sourceTree = "<group>"; };
		30A99950152DE36700F8DBAD /* ofxCvFloatImage.cpp */ = {isa = PBXFileReference; fileEncoding = 4; lastKnownFileType = sourcecode.cpp.cpp; path = ofxCvFloatImage.cpp; sourceTree = "<group>"; };
		30A99951152DE36700F8DBAD /* ofxCvFloatImage.h */ = {isa = PBXFileReference; fileEncoding = 4; lastKnownFileType = sourcecode.c.h; path = ofxCvFloatImage.h; sourceTree = "<group>"; };
		30A99952152DE36700F8DBAD /* ofxCvGrayscaleImage.cpp */ = {isa = PBXFileReference; fileEncoding = 4; lastKnownFileType = sourcecode.cpp.cpp; path = ofxCvGrayscaleImage.cpp; sourceTree = "<group>"; };
		30A99953152DE36700F8DBAD /* ofxCvGrayscaleImage.h */ = {isa = PBXFileReference; fileEncoding = 4; lastKnownFileType = sourcecode.c.h; path = ofxCvGrayscaleImage.h; sourceTree = "<group>"; };
		30A99954152DE36700F8DBAD /* ofxCvHaarFinder.cpp */ = {isa = PBXFileReference; fileEncoding = 4; lastKnownFileType = sourcecode.cpp.cpp; path = ofxCvHaarFinder.cpp; sourceTree = "<group>"; };
		30A99955152DE36700F8DBAD /* ofxCvHaarFinder.h */ = {isa = PBXFileReference; fileEncoding = 4; lastKnownFileType = sourcecode.c.h; path = ofxCvHaarFinder.h; sourceTree = "<group>"; };
		30A99956152DE36700F8DBAD /* ofxCvImage.cpp */ = {isa = PBXFileReference; fileEncoding = 4; lastKnownFileType = sourcecode.cpp.cpp; path = ofxCvImage.cpp; sourceTree = "<group>"; };
		30A99957152DE36700F8DBAD /* ofxCvImage.h */ = {isa = PBXFileReference; fileEncoding = 4; lastKnownFileType = sourcecode.c.h; path = ofxCvImage.h; sourceTree = "<group>"; };
		30A99958152DE36700F8DBAD /* ofxCvMain.h */ = {isa = PBXFileReference; fileEncoding = 4; lastKnownFileType = sourcecode.c.h; path = ofxCvMain.h; sourceTree = "<group>"; };
		30A99959152DE36700F8DBAD /* ofxCvShortImage.cpp */ = {isa = PBXFileReference; fileEncoding = 4; lastKnownFileType = sourcecode.cpp.cpp; path = ofxCvShortImage.cpp; sourceTree = "<group>"; };
		30A9995A152DE36700F8DBAD /* ofxCvShortImage.h */ = {isa = PBXFileReference; fileEncoding = 4; lastKnownFileType = sourcecode.c.h; path = ofxCvShortImage.h; sourceTree = "<group>"; };
		30A9995B152DE36700F8DBAD /* ofxOpenCv.h */ = {isa = PBXFileReference; fileEncoding = 4; lastKnownFileType = sourcecode.c.h; path = ofxOpenCv.h; sourceTree = "<group>"; };
		BBAB23BE13894E4700AA2426 /* GLUT.framework */ = {isa = PBXFileReference; lastKnownFileType = wrapper.framework; name = GLUT.framework; path = ../../../libs/glut/lib/osx/GLUT.framework; sourceTree = "<group>"; };
		E4328143138ABC890047C5CB /* openFrameworksLib.xcodeproj */ = {isa = PBXFileReference; lastKnownFileType = "wrapper.pb-project"; name = openFrameworksLib.xcodeproj; path = ../../../libs/openFrameworksCompiled/project/osx/openFrameworksLib.xcodeproj; sourceTree = SOURCE_ROOT; };
		E45BE9710E8CC7DD009D7055 /* AGL.framework */ = {isa = PBXFileReference; lastKnownFileType = wrapper.framework; name = AGL.framework; path = /System/Library/Frameworks/AGL.framework; sourceTree = "<absolute>"; };
		E45BE9720E8CC7DD009D7055 /* ApplicationServices.framework */ = {isa = PBXFileReference; lastKnownFileType = wrapper.framework; name = ApplicationServices.framework; path = /System/Library/Frameworks/ApplicationServices.framework; sourceTree = "<absolute>"; };
		E45BE9730E8CC7DD009D7055 /* AudioToolbox.framework */ = {isa = PBXFileReference; lastKnownFileType = wrapper.framework; name = AudioToolbox.framework; path = /System/Library/Frameworks/AudioToolbox.framework; sourceTree = "<absolute>"; };
		E45BE9740E8CC7DD009D7055 /* Carbon.framework */ = {isa = PBXFileReference; lastKnownFileType = wrapper.framework; name = Carbon.framework; path = /System/Library/Frameworks/Carbon.framework; sourceTree = "<absolute>"; };
		E45BE9750E8CC7DD009D7055 /* CoreAudio.framework */ = {isa = PBXFileReference; lastKnownFileType = wrapper.framework; name = CoreAudio.framework; path = /System/Library/Frameworks/CoreAudio.framework; sourceTree = "<absolute>"; };
		E45BE9760E8CC7DD009D7055 /* CoreFoundation.framework */ = {isa = PBXFileReference; lastKnownFileType = wrapper.framework; name = CoreFoundation.framework; path = /System/Library/Frameworks/CoreFoundation.framework; sourceTree = "<absolute>"; };
		E45BE9770E8CC7DD009D7055 /* CoreServices.framework */ = {isa = PBXFileReference; lastKnownFileType = wrapper.framework; name = CoreServices.framework; path = /System/Library/Frameworks/CoreServices.framework; sourceTree = "<absolute>"; };
		E45BE9790E8CC7DD009D7055 /* OpenGL.framework */ = {isa = PBXFileReference; lastKnownFileType = wrapper.framework; name = OpenGL.framework; path = /System/Library/Frameworks/OpenGL.framework; sourceTree = "<absolute>"; };
		E45BE97A0E8CC7DD009D7055 /* QuickTime.framework */ = {isa = PBXFileReference; lastKnownFileType = wrapper.framework; name = QuickTime.framework; path = /System/Library/Frameworks/QuickTime.framework; sourceTree = "<absolute>"; };
		E4B69B5B0A3A1756003C02F2 /* ofxFernCameraDemoDebug.app */ = {isa = PBXFileReference; explicitFileType = wrapper.application; includeInIndex = 0; path = ofxFernCameraDemoDebug.app; sourceTree = BUILT_PRODUCTS_DIR; };
		E4B69E1D0A3A1BDC003C02F2 /* main.cpp */ = {isa = PBXFileReference; fileEncoding = 30; lastKnownFileType = sourcecode.cpp.cpp; name = main.cpp; path = src/main.cpp; sourceTree = SOURCE_ROOT; };
		E4B69E1E0A3A1BDC003C02F2 /* testApp.cpp */ = {isa = PBXFileReference; explicitFileType = sourcecode.cpp.cpp; fileEncoding = 30; name = testApp.cpp; path = src/testApp.cpp; sourceTree = SOURCE_ROOT; };
		E4B69E1F0A3A1BDC003C02F2 /* testApp.h */ = {isa = PBXFileReference; fileEncoding = 30; lastKnownFileType = sourcecode.c.h; name = testApp.h; path = src/testApp.h; sourceTree = SOURCE_ROOT; };
		E4B6FCAD0C3E899E008CF71C /* openFrameworks-Info.plist */ = {isa = PBXFileReference; fileEncoding = 30; lastKnownFileType = text.plist.xml; path = "openFrameworks-Info.plist"; sourceTree = "<group>"; };
		E4C2424410CC5A17004149E2 /* AppKit.framework */ = {isa = PBXFileReference; lastKnownFileType = wrapper.framework; name = AppKit.framework; path = /System/Library/Frameworks/AppKit.framework; sourceTree = "<absolute>"; };
		E4C2424510CC5A17004149E2 /* Cocoa.framework */ = {isa = PBXFileReference; lastKnownFileType = wrapper.framework; name = Cocoa.framework; path = /System/Library/Frameworks/Cocoa.framework; sourceTree = "<absolute>"; };
		E4C2424610CC5A17004149E2 /* IOKit.framework */ = {isa = PBXFileReference; lastKnownFileType = wrapper.framework; name = IOKit.framework; path = /System/Library/Frameworks/IOKit.framework; sourceTree = "<absolute>"; };
		E4EB691F138AFCF100A09F29 /* CoreOF.xcconfig */ = {isa = PBXFileReference; fileEncoding = 4; lastKnownFileType = text.xcconfig; name = CoreOF.xcconfig; path = ../../../libs/openFrameworksCompiled/project/osx/CoreOF.xcconfig; sourceTree = SOURCE_ROOT; };
		E4EB6923138AFD0F00A09F29 /* Project.xcconfig */ = {isa = PBXFileReference; fileEncoding = 4; lastKnownFileType = text.xcconfig; path = Project.xcconfig; sourceTree = "<group>"; };
/* End PBXFileReference section */

/* Begin PBXFrameworksBuildPhase section */
		E4B69B590A3A1756003C02F2 /* Frameworks */ = {
			isa = PBXFrameworksBuildPhase;
			buildActionMask = 2147483647;
			files = (
				E4EB6799138ADC1D00A09F29 /* GLUT.framework in Frameworks */,
				E4328149138ABC9F0047C5CB /* openFrameworksDebug.a in Frameworks */,
				E45BE97B0E8CC7DD009D7055 /* AGL.framework in Frameworks */,
				E45BE97C0E8CC7DD009D7055 /* ApplicationServices.framework in Frameworks */,
				E45BE97D0E8CC7DD009D7055 /* AudioToolbox.framework in Frameworks */,
				E45BE97E0E8CC7DD009D7055 /* Carbon.framework in Frameworks */,
				E45BE97F0E8CC7DD009D7055 /* CoreAudio.framework in Frameworks */,
				E45BE9800E8CC7DD009D7055 /* CoreFoundation.framework in Frameworks */,
				E45BE9810E8CC7DD009D7055 /* CoreServices.framework in Frameworks */,
				E45BE9830E8CC7DD009D7055 /* OpenGL.framework in Frameworks */,
				E45BE9840E8CC7DD009D7055 /* QuickTime.framework in Frameworks */,
				E4C2424710CC5A17004149E2 /* AppKit.framework in Frameworks */,
				E4C2424810CC5A17004149E2 /* Cocoa.framework in Frameworks */,
				E4C2424910CC5A17004149E2 /* IOKit.framework in Frameworks */,
				30A99919152DE30C00F8DBAD /* opencv.a in Frameworks */,
			);
			runOnlyForDeploymentPostprocessing = 0;
		};
/* End PBXFrameworksBuildPhase section */

/* Begin PBXGroup section */
		30A997D5152DE1E200F8DBAD /* ofxFern */ = {
			isa = PBXGroup;
			children = (
				30A997D6152DE20700F8DBAD /* src */,
			);
			name = ofxFern;
			sourceTree = "<group>";
		};
		30A997D6152DE20700F8DBAD /* src */ = {
			isa = PBXGroup;
			children = (
				30A997D7152DE20700F8DBAD /* ferns */,
				30A99800152DE20700F8DBAD /* ofxFern.cpp */,
				30A99801152DE20700F8DBAD /* ofxFern.h */,
			);
			name = src;
			path = ../../../addons/ofxFern/src;
			sourceTree = "<group>";
		};
		30A997D7152DE20700F8DBAD /* ferns */ = {
			isa = PBXGroup;
			children = (
				30A997D8152DE20700F8DBAD /* affine_image_generator06.cc */,
				30A997D9152DE20700F8DBAD /* affine_image_generator06.h */,
				30A997DA152DE20700F8DBAD /* affine_transformation_range.cc */,
				30A997DB152DE20700F8DBAD /* affine_transformation_range.h */,
				30A997DD152DE20700F8DBAD /* buffer_management.cc */,
				30A997DE152DE20700F8DBAD /* buffer_management.h */,
				30A997DF152DE20700F8DBAD /* cmphomo.cc */,
				30A997E0152DE20700F8DBAD /* cmphomo.h */,
				30A997E2152DE20700F8DBAD /* fern_based_point_classifier.cc */,
				30A997E3152DE20700F8DBAD /* fern_based_point_classifier.h */,
				30A997E4152DE20700F8DBAD /* ferns.cc */,
				30A997E5152DE20700F8DBAD /* ferns.h */,
				30A997E6152DE20700F8DBAD /* fine_gaussian_pyramid.cc */,
				30A997E7152DE20700F8DBAD /* fine_gaussian_pyramid.h */,
				30A997E8152DE20700F8DBAD /* general.h */,
				30A997E9152DE20700F8DBAD /* homography06.cc */,
				30A997EA152DE20700F8DBAD /* homography06.h */,
				30A997EB152DE20700F8DBAD /* homography_estimator.cc */,
				30A997EC152DE20700F8DBAD /* homography_estimator.h */,
				30A997ED152DE20700F8DBAD /* keypoint.h */,
				30A997EE152DE20700F8DBAD /* main.cc */,
				30A997F1152DE20700F8DBAD /* mcv.cc */,
				30A997F2152DE20700F8DBAD /* mcv.h */,
				30A997F3152DE20700F8DBAD /* mcvGaussianSmoothing.cc */,
				30A997F4152DE20700F8DBAD /* mcvGaussianSmoothing.h */,
				30A997F7152DE20700F8DBAD /* planar_pattern_detector.cc */,
				30A997F8152DE20700F8DBAD /* planar_pattern_detector.h */,
				30A997F9152DE20700F8DBAD /* planar_pattern_detector_builder.cc */,
				30A997FA152DE20700F8DBAD /* planar_pattern_detector_builder.h */,
				30A997FB152DE20700F8DBAD /* pyr_yape06.cc */,
				30A997FC152DE20700F8DBAD /* pyr_yape06.h */,
				30A997FE152DE20700F8DBAD /* template_matching_based_tracker.cc */,
				30A997FF152DE20700F8DBAD /* template_matching_based_tracker.h */,
			);
			path = ferns;
			sourceTree = "<group>";
		};
		30A99814152DE2E900F8DBAD /* ofxOpenCV */ = {
			isa = PBXGroup;
			children = (
				30A99949152DE36700F8DBAD /* src */,
				30A99815152DE30B00F8DBAD /* libs */,
			);
			name = ofxOpenCV;
			sourceTree = "<group>";
		};
		30A99815152DE30B00F8DBAD /* libs */ = {
			isa = PBXGroup;
			children = (
				30A99816152DE30B00F8DBAD /* opencv */,
			);
			name = libs;
			path = ../../../addons/ofxOpenCv/libs;
			sourceTree = "<group>";
		};
		30A99816152DE30B00F8DBAD /* opencv */ = {
			isa = PBXGroup;
			children = (
				30A99817152DE30B00F8DBAD /* include */,
				30A99868152DE30B00F8DBAD /* lib */,
			);
			path = opencv;
			sourceTree = "<group>";
		};
		30A99817152DE30B00F8DBAD /* include */ = {
			isa = PBXGroup;
			children = (
				30A99818152DE30B00F8DBAD /* opencv */,
				30A99824152DE30B00F8DBAD /* opencv2 */,
			);
			path = include;
			sourceTree = "<group>";
		};
		30A99818152DE30B00F8DBAD /* opencv */ = {
			isa = PBXGroup;
			children = (
				30A99819152DE30B00F8DBAD /* cv.h */,
				30A9981A152DE30B00F8DBAD /* cv.hpp */,
				30A9981B152DE30B00F8DBAD /* cvaux.h */,
				30A9981C152DE30B00F8DBAD /* cvaux.hpp */,
				30A9981D152DE30B00F8DBAD /* cvwimage.h */,
				30A9981E152DE30B00F8DBAD /* cxcore.h */,
				30A9981F152DE30B00F8DBAD /* cxcore.hpp */,
				30A99820152DE30B00F8DBAD /* cxeigen.hpp */,
				30A99821152DE30B00F8DBAD /* cxmisc.h */,
				30A99822152DE30B00F8DBAD /* highgui.h */,
				30A99823152DE30B00F8DBAD /* ml.h */,
			);
			path = opencv;
			sourceTree = "<group>";
		};
		30A99824152DE30B00F8DBAD /* opencv2 */ = {
			isa = PBXGroup;
			children = (
				30A99825152DE30B00F8DBAD /* calib3d */,
				30A99827152DE30B00F8DBAD /* contrib */,
				30A99829152DE30B00F8DBAD /* core */,
				30A99833152DE30B00F8DBAD /* features2d */,
				30A99835152DE30B00F8DBAD /* flann */,
				30A9984F152DE30B00F8DBAD /* gpu */,
				30A99854152DE30B00F8DBAD /* highgui */,
				30A99857152DE30B00F8DBAD /* imgproc */,
				30A9985B152DE30B00F8DBAD /* legacy */,
				30A99860152DE30B00F8DBAD /* ml */,
				30A99862152DE30B00F8DBAD /* objdetect */,
				30A99864152DE30B00F8DBAD /* opencv.hpp */,
				30A99865152DE30B00F8DBAD /* video */,
			);
			path = opencv2;
			sourceTree = "<group>";
		};
		30A99825152DE30B00F8DBAD /* calib3d */ = {
			isa = PBXGroup;
			children = (
				30A99826152DE30B00F8DBAD /* calib3d.hpp */,
			);
			path = calib3d;
			sourceTree = "<group>";
		};
		30A99827152DE30B00F8DBAD /* contrib */ = {
			isa = PBXGroup;
			children = (
				30A99828152DE30B00F8DBAD /* contrib.hpp */,
			);
			path = contrib;
			sourceTree = "<group>";
		};
		30A99829152DE30B00F8DBAD /* core */ = {
			isa = PBXGroup;
			children = (
				30A9982A152DE30B00F8DBAD /* core.hpp */,
				30A9982B152DE30B00F8DBAD /* core_c.h */,
				30A9982C152DE30B00F8DBAD /* eigen.hpp */,
				30A9982D152DE30B00F8DBAD /* internal.hpp */,
				30A9982E152DE30B00F8DBAD /* mat.hpp */,
				30A9982F152DE30B00F8DBAD /* operations.hpp */,
				30A99830152DE30B00F8DBAD /* types_c.h */,
				30A99831152DE30B00F8DBAD /* version.hpp */,
				30A99832152DE30B00F8DBAD /* wimage.hpp */,
			);
			path = core;
			sourceTree = "<group>";
		};
		30A99833152DE30B00F8DBAD /* features2d */ = {
			isa = PBXGroup;
			children = (
				30A99834152DE30B00F8DBAD /* features2d.hpp */,
			);
			path = features2d;
			sourceTree = "<group>";
		};
		30A99835152DE30B00F8DBAD /* flann */ = {
			isa = PBXGroup;
			children = (
				30A99836152DE30B00F8DBAD /* all_indices.h */,
				30A99837152DE30B00F8DBAD /* allocator.h */,
				30A99838152DE30B00F8DBAD /* autotuned_index.h */,
				30A99839152DE30B00F8DBAD /* composite_index.h */,
				30A9983A152DE30B00F8DBAD /* dist.h */,
				30A9983B152DE30B00F8DBAD /* flann.hpp */,
				30A9983C152DE30B00F8DBAD /* flann_base.hpp */,
				30A9983D152DE30B00F8DBAD /* general.h */,
				30A9983E152DE30B00F8DBAD /* ground_truth.h */,
				30A9983F152DE30B00F8DBAD /* hdf5.h */,
				30A99840152DE30B00F8DBAD /* heap.h */,
				30A99841152DE30B00F8DBAD /* index_testing.h */,
				30A99842152DE30B00F8DBAD /* kdtree_index.h */,
				30A99843152DE30B00F8DBAD /* kmeans_index.h */,
				30A99844152DE30B00F8DBAD /* linear_index.h */,
				30A99845152DE30B00F8DBAD /* logger.h */,
				30A99846152DE30B00F8DBAD /* matrix.h */,
				30A99847152DE30B00F8DBAD /* nn_index.h */,
				30A99848152DE30B00F8DBAD /* object_factory.h */,
				30A99849152DE30B00F8DBAD /* random.h */,
				30A9984A152DE30B00F8DBAD /* result_set.h */,
				30A9984B152DE30B00F8DBAD /* sampling.h */,
				30A9984C152DE30B00F8DBAD /* saving.h */,
				30A9984D152DE30B00F8DBAD /* simplex_downhill.h */,
				30A9984E152DE30B00F8DBAD /* timer.h */,
			);
			path = flann;
			sourceTree = "<group>";
		};
		30A9984F152DE30B00F8DBAD /* gpu */ = {
			isa = PBXGroup;
			children = (
				30A99850152DE30B00F8DBAD /* devmem2d.hpp */,
				30A99851152DE30B00F8DBAD /* gpu.hpp */,
				30A99852152DE30B00F8DBAD /* matrix_operations.hpp */,
				30A99853152DE30B00F8DBAD /* stream_accessor.hpp */,
			);
			path = gpu;
			sourceTree = "<group>";
		};
		30A99854152DE30B00F8DBAD /* highgui */ = {
			isa = PBXGroup;
			children = (
				30A99855152DE30B00F8DBAD /* highgui.hpp */,
				30A99856152DE30B00F8DBAD /* highgui_c.h */,
			);
			path = highgui;
			sourceTree = "<group>";
		};
		30A99857152DE30B00F8DBAD /* imgproc */ = {
			isa = PBXGroup;
			children = (
				30A99858152DE30B00F8DBAD /* imgproc.hpp */,
				30A99859152DE30B00F8DBAD /* imgproc_c.h */,
				30A9985A152DE30B00F8DBAD /* types_c.h */,
			);
			path = imgproc;
			sourceTree = "<group>";
		};
		30A9985B152DE30B00F8DBAD /* legacy */ = {
			isa = PBXGroup;
			children = (
				30A9985C152DE30B00F8DBAD /* blobtrack.hpp */,
				30A9985D152DE30B00F8DBAD /* compat.hpp */,
				30A9985E152DE30B00F8DBAD /* legacy.hpp */,
				30A9985F152DE30B00F8DBAD /* streams.hpp */,
			);
			path = legacy;
			sourceTree = "<group>";
		};
		30A99860152DE30B00F8DBAD /* ml */ = {
			isa = PBXGroup;
			children = (
				30A99861152DE30B00F8DBAD /* ml.hpp */,
			);
			path = ml;
			sourceTree = "<group>";
		};
		30A99862152DE30B00F8DBAD /* objdetect */ = {
			isa = PBXGroup;
			children = (
				30A99863152DE30B00F8DBAD /* objdetect.hpp */,
			);
			path = objdetect;
			sourceTree = "<group>";
		};
		30A99865152DE30B00F8DBAD /* video */ = {
			isa = PBXGroup;
			children = (
				30A99866152DE30B00F8DBAD /* background_segm.hpp */,
				30A99867152DE30B00F8DBAD /* tracking.hpp */,
			);
			path = video;
			sourceTree = "<group>";
		};
		30A99868152DE30B00F8DBAD /* lib */ = {
			isa = PBXGroup;
			children = (
				30A998AC152DE30B00F8DBAD /* osx */,
			);
			path = lib;
			sourceTree = "<group>";
		};
		30A998AC152DE30B00F8DBAD /* osx */ = {
			isa = PBXGroup;
			children = (
				30A998AD152DE30B00F8DBAD /* opencv.a */,
			);
			path = osx;
			sourceTree = "<group>";
		};
		30A99949152DE36700F8DBAD /* src */ = {
			isa = PBXGroup;
			children = (
				30A9994A152DE36700F8DBAD /* ofxCvBlob.h */,
				30A9994B152DE36700F8DBAD /* ofxCvColorImage.cpp */,
				30A9994C152DE36700F8DBAD /* ofxCvColorImage.h */,
				30A9994D152DE36700F8DBAD /* ofxCvConstants.h */,
				30A9994E152DE36700F8DBAD /* ofxCvContourFinder.cpp */,
				30A9994F152DE36700F8DBAD /* ofxCvContourFinder.h */,
				30A99950152DE36700F8DBAD /* ofxCvFloatImage.cpp */,
				30A99951152DE36700F8DBAD /* ofxCvFloatImage.h */,
				30A99952152DE36700F8DBAD /* ofxCvGrayscaleImage.cpp */,
				30A99953152DE36700F8DBAD /* ofxCvGrayscaleImage.h */,
				30A99954152DE36700F8DBAD /* ofxCvHaarFinder.cpp */,
				30A99955152DE36700F8DBAD /* ofxCvHaarFinder.h */,
				30A99956152DE36700F8DBAD /* ofxCvImage.cpp */,
				30A99957152DE36700F8DBAD /* ofxCvImage.h */,
				30A99958152DE36700F8DBAD /* ofxCvMain.h */,
				30A99959152DE36700F8DBAD /* ofxCvShortImage.cpp */,
				30A9995A152DE36700F8DBAD /* ofxCvShortImage.h */,
				30A9995B152DE36700F8DBAD /* ofxOpenCv.h */,
			);
			name = src;
			path = ../../../addons/ofxOpenCv/src;
			sourceTree = "<group>";
		};
		BB4B014C10F69532006C3DED /* addons */ = {
			isa = PBXGroup;
			children = (
				30A99814152DE2E900F8DBAD /* ofxOpenCV */,
				30A997D5152DE1E200F8DBAD /* ofxFern */,
			);
			name = addons;
			sourceTree = "<group>";
		};
		BBAB23C913894ECA00AA2426 /* system frameworks */ = {
			isa = PBXGroup;
			children = (
				E4C2424410CC5A17004149E2 /* AppKit.framework */,
				E4C2424510CC5A17004149E2 /* Cocoa.framework */,
				E4C2424610CC5A17004149E2 /* IOKit.framework */,
				E45BE9710E8CC7DD009D7055 /* AGL.framework */,
				E45BE9720E8CC7DD009D7055 /* ApplicationServices.framework */,
				E45BE9730E8CC7DD009D7055 /* AudioToolbox.framework */,
				E45BE9740E8CC7DD009D7055 /* Carbon.framework */,
				E45BE9750E8CC7DD009D7055 /* CoreAudio.framework */,
				E45BE9760E8CC7DD009D7055 /* CoreFoundation.framework */,
				E45BE9770E8CC7DD009D7055 /* CoreServices.framework */,
				E45BE9790E8CC7DD009D7055 /* OpenGL.framework */,
				E45BE97A0E8CC7DD009D7055 /* QuickTime.framework */,
			);
			name = "system frameworks";
			sourceTree = "<group>";
		};
		BBAB23CA13894EDB00AA2426 /* 3rd party frameworks */ = {
			isa = PBXGroup;
			children = (
				BBAB23BE13894E4700AA2426 /* GLUT.framework */,
			);
			name = "3rd party frameworks";
			sourceTree = "<group>";
		};
		E4328144138ABC890047C5CB /* Products */ = {
			isa = PBXGroup;
			children = (
				E4328148138ABC890047C5CB /* openFrameworksDebug.a */,
			);
			name = Products;
			sourceTree = "<group>";
		};
		E45BE5980E8CC70C009D7055 /* frameworks */ = {
			isa = PBXGroup;
			children = (
				BBAB23CA13894EDB00AA2426 /* 3rd party frameworks */,
				BBAB23C913894ECA00AA2426 /* system frameworks */,
			);
			name = frameworks;
			sourceTree = "<group>";
		};
		E4B69B4A0A3A1720003C02F2 = {
			isa = PBXGroup;
			children = (
				E4B6FCAD0C3E899E008CF71C /* openFrameworks-Info.plist */,
				E4EB6923138AFD0F00A09F29 /* Project.xcconfig */,
				E4B69E1C0A3A1BDC003C02F2 /* src */,
				E4EEC9E9138DF44700A80321 /* openFrameworks */,
				BB4B014C10F69532006C3DED /* addons */,
				E45BE5980E8CC70C009D7055 /* frameworks */,
				E4B69B5B0A3A1756003C02F2 /* ofxFernCameraDemoDebug.app */,
			);
			sourceTree = "<group>";
		};
		E4B69E1C0A3A1BDC003C02F2 /* src */ = {
			isa = PBXGroup;
			children = (
				E4B69E1D0A3A1BDC003C02F2 /* main.cpp */,
				E4B69E1E0A3A1BDC003C02F2 /* testApp.cpp */,
				E4B69E1F0A3A1BDC003C02F2 /* testApp.h */,
			);
			path = src;
			sourceTree = SOURCE_ROOT;
		};
		E4EEC9E9138DF44700A80321 /* openFrameworks */ = {
			isa = PBXGroup;
			children = (
				E4EB691F138AFCF100A09F29 /* CoreOF.xcconfig */,
				E4328143138ABC890047C5CB /* openFrameworksLib.xcodeproj */,
			);
			name = openFrameworks;
			sourceTree = "<group>";
		};
/* End PBXGroup section */

/* Begin PBXNativeTarget section */
		E4B69B5A0A3A1756003C02F2 /* ofxFernCameraDemo */ = {
			isa = PBXNativeTarget;
			buildConfigurationList = E4B69B5F0A3A1757003C02F2 /* Build configuration list for PBXNativeTarget "ofxFernCameraDemo" */;
			buildPhases = (
				E4B69B580A3A1756003C02F2 /* Sources */,
				E4B69B590A3A1756003C02F2 /* Frameworks */,
				E4B6FFFD0C3F9AB9008CF71C /* ShellScript */,
				E4C2427710CC5ABF004149E2 /* CopyFiles */,
			);
			buildRules = (
			);
			dependencies = (
				E4EEB9AC138B136A00A80321 /* PBXTargetDependency */,
			);
			name = ofxFernCameraDemo;
			productName = myOFApp;
			productReference = E4B69B5B0A3A1756003C02F2 /* ofxFernCameraDemoDebug.app */;
			productType = "com.apple.product-type.application";
		};
/* End PBXNativeTarget section */

/* Begin PBXProject section */
		E4B69B4C0A3A1720003C02F2 /* Project object */ = {
			isa = PBXProject;
			buildConfigurationList = E4B69B4D0A3A1720003C02F2 /* Build configuration list for PBXProject "ofxFernCameraDemo" */;
			compatibilityVersion = "Xcode 2.4";
			developmentRegion = English;
			hasScannedForEncodings = 0;
			knownRegions = (
				English,
				Japanese,
				French,
				German,
			);
			mainGroup = E4B69B4A0A3A1720003C02F2;
			productRefGroup = E4B69B4A0A3A1720003C02F2;
			projectDirPath = "";
			projectReferences = (
				{
					ProductGroup = E4328144138ABC890047C5CB /* Products */;
					ProjectRef = E4328143138ABC890047C5CB /* openFrameworksLib.xcodeproj */;
				},
			);
			projectRoot = "";
			targets = (
				E4B69B5A0A3A1756003C02F2 /* ofxFernCameraDemo */,
			);
		};
/* End PBXProject section */

/* Begin PBXReferenceProxy section */
		E4328148138ABC890047C5CB /* openFrameworksDebug.a */ = {
			isa = PBXReferenceProxy;
			fileType = archive.ar;
			path = openFrameworksDebug.a;
			remoteRef = E4328147138ABC890047C5CB /* PBXContainerItemProxy */;
			sourceTree = BUILT_PRODUCTS_DIR;
		};
/* End PBXReferenceProxy section */

/* Begin PBXShellScriptBuildPhase section */
		E4B6FFFD0C3F9AB9008CF71C /* ShellScript */ = {
			isa = PBXShellScriptBuildPhase;
			buildActionMask = 2147483647;
			files = (
			);
			inputPaths = (
			);
			outputPaths = (
			);
			runOnlyForDeploymentPostprocessing = 0;
			shellPath = /bin/sh;
			shellScript = "cp -f ../../../libs/fmodex/lib/osx/libfmodex.dylib \"$TARGET_BUILD_DIR/$PRODUCT_NAME.app/Contents/MacOS/libfmodex.dylib\"; install_name_tool -change ./libfmodex.dylib @executable_path/libfmodex.dylib \"$TARGET_BUILD_DIR/$PRODUCT_NAME.app/Contents/MacOS/$PRODUCT_NAME\";";
		};
/* End PBXShellScriptBuildPhase section */

/* Begin PBXSourcesBuildPhase section */
		E4B69B580A3A1756003C02F2 /* Sources */ = {
			isa = PBXSourcesBuildPhase;
			buildActionMask = 2147483647;
			files = (
				E4B69E200A3A1BDC003C02F2 /* main.cpp in Sources */,
				E4B69E210A3A1BDC003C02F2 /* testApp.cpp in Sources */,
				30A99802152DE20700F8DBAD /* affine_image_generator06.cc in Sources */,
				30A99803152DE20700F8DBAD /* affine_transformation_range.cc in Sources */,
				30A99804152DE20700F8DBAD /* buffer_management.cc in Sources */,
				30A99805152DE20700F8DBAD /* cmphomo.cc in Sources */,
				30A99806152DE20700F8DBAD /* fern_based_point_classifier.cc in Sources */,
				30A99807152DE20700F8DBAD /* ferns.cc in Sources */,
				30A99808152DE20700F8DBAD /* fine_gaussian_pyramid.cc in Sources */,
				30A99809152DE20700F8DBAD /* homography06.cc in Sources */,
				30A9980A152DE20700F8DBAD /* homography_estimator.cc in Sources */,
				30A9980B152DE20700F8DBAD /* main.cc in Sources */,
				30A9980D152DE20700F8DBAD /* mcv.cc in Sources */,
				30A9980E152DE20700F8DBAD /* mcvGaussianSmoothing.cc in Sources */,
				30A9980F152DE20700F8DBAD /* planar_pattern_detector.cc in Sources */,
				30A99810152DE20700F8DBAD /* planar_pattern_detector_builder.cc in Sources */,
				30A99811152DE20700F8DBAD /* pyr_yape06.cc in Sources */,
				30A99812152DE20700F8DBAD /* template_matching_based_tracker.cc in Sources */,
				30A99813152DE20700F8DBAD /* ofxFern.cpp in Sources */,
				30A9995C152DE36700F8DBAD /* ofxCvColorImage.cpp in Sources */,
				30A9995D152DE36700F8DBAD /* ofxCvContourFinder.cpp in Sources */,
				30A9995E152DE36700F8DBAD /* ofxCvFloatImage.cpp in Sources */,
				30A9995F152DE36700F8DBAD /* ofxCvGrayscaleImage.cpp in Sources */,
				30A99960152DE36700F8DBAD /* ofxCvHaarFinder.cpp in Sources */,
				30A99961152DE36700F8DBAD /* ofxCvImage.cpp in Sources */,
				30A99962152DE36700F8DBAD /* ofxCvShortImage.cpp in Sources */,
			);
			runOnlyForDeploymentPostprocessing = 0;
		};
/* End PBXSourcesBuildPhase section */

/* Begin PBXTargetDependency section */
		E4EEB9AC138B136A00A80321 /* PBXTargetDependency */ = {
			isa = PBXTargetDependency;
			name = openFrameworks;
			targetProxy = E4EEB9AB138B136A00A80321 /* PBXContainerItemProxy */;
		};
/* End PBXTargetDependency section */

/* Begin XCBuildConfiguration section */
		E4B69B4E0A3A1720003C02F2 /* Debug */ = {
			isa = XCBuildConfiguration;
			baseConfigurationReference = E4EB6923138AFD0F00A09F29 /* Project.xcconfig */;
			buildSettings = {
				ARCHS = "$(NATIVE_ARCH)";
				CONFIGURATION_BUILD_DIR = "$(SRCROOT)/bin/";
				COPY_PHASE_STRIP = NO;
				DEAD_CODE_STRIPPING = YES;
				GCC_AUTO_VECTORIZATION = YES;
				GCC_ENABLE_SSE3_EXTENSIONS = YES;
				GCC_ENABLE_SUPPLEMENTAL_SSE3_INSTRUCTIONS = YES;
				GCC_INLINES_ARE_PRIVATE_EXTERN = NO;
				GCC_MODEL_TUNING = G5;
				GCC_SYMBOLS_PRIVATE_EXTERN = NO;
				GCC_WARN_ABOUT_DEPRECATED_FUNCTIONS = NO;
				GCC_WARN_ABOUT_INVALID_OFFSETOF_MACRO = NO;
				GCC_WARN_ALLOW_INCOMPLETE_PROTOCOL = NO;
				GCC_WARN_UNINITIALIZED_AUTOS = NO;
				GCC_WARN_UNUSED_VALUE = NO;
				GCC_WARN_UNUSED_VARIABLE = NO;
				OTHER_CPLUSPLUSFLAGS = (
					"-D__MACOSX_CORE__",
					"-lpthread",
				);
			};
			name = Debug;
		};
		E4B69B4F0A3A1720003C02F2 /* Release */ = {
			isa = XCBuildConfiguration;
			baseConfigurationReference = E4EB6923138AFD0F00A09F29 /* Project.xcconfig */;
			buildSettings = {
				ARCHS = "$(NATIVE_ARCH)";
				CONFIGURATION_BUILD_DIR = "$(SRCROOT)/bin/";
				COPY_PHASE_STRIP = YES;
				DEAD_CODE_STRIPPING = YES;
				GCC_AUTO_VECTORIZATION = YES;
				GCC_ENABLE_SSE3_EXTENSIONS = YES;
				GCC_ENABLE_SUPPLEMENTAL_SSE3_INSTRUCTIONS = YES;
				GCC_INLINES_ARE_PRIVATE_EXTERN = NO;
				GCC_MODEL_TUNING = G5;
				GCC_OPTIMIZATION_LEVEL = 3;
				GCC_SYMBOLS_PRIVATE_EXTERN = NO;
				GCC_UNROLL_LOOPS = YES;
				GCC_WARN_ABOUT_DEPRECATED_FUNCTIONS = NO;
				GCC_WARN_ABOUT_INVALID_OFFSETOF_MACRO = NO;
				GCC_WARN_ALLOW_INCOMPLETE_PROTOCOL = NO;
				GCC_WARN_UNINITIALIZED_AUTOS = NO;
				GCC_WARN_UNUSED_VALUE = NO;
				GCC_WARN_UNUSED_VARIABLE = NO;
				OTHER_CPLUSPLUSFLAGS = (
					"-D__MACOSX_CORE__",
					"-lpthread",
				);
			};
			name = Release;
		};
		E4B69B600A3A1757003C02F2 /* Debug */ = {
			isa = XCBuildConfiguration;
			buildSettings = {
				COPY_PHASE_STRIP = NO;
				FRAMEWORK_SEARCH_PATHS = (
					"$(inherited)",
					"$(FRAMEWORK_SEARCH_PATHS_QUOTED_FOR_TARGET_1)",
				);
				FRAMEWORK_SEARCH_PATHS_QUOTED_FOR_TARGET_1 = "\"$(SRCROOT)/../../../libs/glut/lib/osx\"";
				GCC_DYNAMIC_NO_PIC = NO;
				GCC_ENABLE_FIX_AND_CONTINUE = YES;
				GCC_GENERATE_DEBUGGING_SYMBOLS = YES;
				GCC_MODEL_TUNING = G4;
				GCC_PRECOMPILE_PREFIX_HEADER = YES;
				GCC_PREFIX_HEADER = "$(SYSTEM_LIBRARY_DIR)/Frameworks/Carbon.framework/Headers/Carbon.h";
				INFOPLIST_FILE = "openFrameworks-Info.plist";
				INSTALL_PATH = "$(HOME)/Applications";
				LIBRARY_SEARCH_PATHS = (
					"$(inherited)",
					"$(LIBRARY_SEARCH_PATHS_QUOTED_FOR_TARGET_1)",
					"$(LIBRARY_SEARCH_PATHS_QUOTED_FOR_TARGET_2)",
					"$(LIBRARY_SEARCH_PATHS_QUOTED_FOR_TARGET_3)",
					"$(LIBRARY_SEARCH_PATHS_QUOTED_FOR_TARGET_4)",
					"$(LIBRARY_SEARCH_PATHS_QUOTED_FOR_TARGET_5)",
					"$(LIBRARY_SEARCH_PATHS_QUOTED_FOR_TARGET_6)",
					"$(LIBRARY_SEARCH_PATHS_QUOTED_FOR_TARGET_7)",
					"$(LIBRARY_SEARCH_PATHS_QUOTED_FOR_TARGET_8)",
					"$(LIBRARY_SEARCH_PATHS_QUOTED_FOR_TARGET_9)",
					"$(LIBRARY_SEARCH_PATHS_QUOTED_FOR_TARGET_10)",
					"$(LIBRARY_SEARCH_PATHS_QUOTED_FOR_TARGET_11)",
					"$(LIBRARY_SEARCH_PATHS_QUOTED_FOR_TARGET_12)",
					"$(LIBRARY_SEARCH_PATHS_QUOTED_FOR_TARGET_13)",
					"$(LIBRARY_SEARCH_PATHS_QUOTED_FOR_TARGET_14)",
					"$(LIBRARY_SEARCH_PATHS_QUOTED_FOR_TARGET_15)",
					"$(LIBRARY_SEARCH_PATHS_QUOTED_FOR_TARGET_2)",
					"$(LIBRARY_SEARCH_PATHS_QUOTED_FOR_TARGET_3)",
					"$(LIBRARY_SEARCH_PATHS_QUOTED_FOR_TARGET_7)",
					"$(LIBRARY_SEARCH_PATHS_QUOTED_FOR_TARGET_8)",
					"$(LIBRARY_SEARCH_PATHS_QUOTED_FOR_TARGET_9)",
					"$(LIBRARY_SEARCH_PATHS_QUOTED_FOR_TARGET_10)",
					"$(LIBRARY_SEARCH_PATHS_QUOTED_FOR_TARGET_11)",
					"$(LIBRARY_SEARCH_PATHS_QUOTED_FOR_TARGET_12)",
					"$(LIBRARY_SEARCH_PATHS_QUOTED_FOR_TARGET_13)",
					"$(LIBRARY_SEARCH_PATHS_QUOTED_FOR_TARGET_16)",
					"$(LIBRARY_SEARCH_PATHS_QUOTED_FOR_TARGET_17)",
					"$(LIBRARY_SEARCH_PATHS_QUOTED_FOR_TARGET_18)",
					"$(LIBRARY_SEARCH_PATHS_QUOTED_FOR_TARGET_19)",
					"$(LIBRARY_SEARCH_PATHS_QUOTED_FOR_TARGET_20)",
					"$(LIBRARY_SEARCH_PATHS_QUOTED_FOR_TARGET_21)",
					"$(LIBRARY_SEARCH_PATHS_QUOTED_FOR_TARGET_22)",
					"$(LIBRARY_SEARCH_PATHS_QUOTED_FOR_TARGET_23)",
					"$(LIBRARY_SEARCH_PATHS_QUOTED_FOR_TARGET_24)",
					"$(LIBRARY_SEARCH_PATHS_QUOTED_FOR_TARGET_25)",
					"$(LIBRARY_SEARCH_PATHS_QUOTED_FOR_TARGET_26)",
					"$(LIBRARY_SEARCH_PATHS_QUOTED_FOR_TARGET_27)",
					"$(LIBRARY_SEARCH_PATHS_QUOTED_FOR_TARGET_28)",
					"$(LIBRARY_SEARCH_PATHS_QUOTED_FOR_TARGET_29)",
					"$(LIBRARY_SEARCH_PATHS_QUOTED_FOR_TARGET_30)",
					"$(LIBRARY_SEARCH_PATHS_QUOTED_FOR_TARGET_31)",
					"$(LIBRARY_SEARCH_PATHS_QUOTED_FOR_TARGET_32)",
					"$(LIBRARY_SEARCH_PATHS_QUOTED_FOR_TARGET_33)",
					"$(LIBRARY_SEARCH_PATHS_QUOTED_FOR_TARGET_34)",
					"$(LIBRARY_SEARCH_PATHS_QUOTED_FOR_TARGET_35)",
					"$(LIBRARY_SEARCH_PATHS_QUOTED_FOR_TARGET_36)",
					"$(LIBRARY_SEARCH_PATHS_QUOTED_FOR_TARGET_37)",
					"$(LIBRARY_SEARCH_PATHS_QUOTED_FOR_TARGET_38)",
					"$(LIBRARY_SEARCH_PATHS_QUOTED_FOR_TARGET_39)",
					"$(LIBRARY_SEARCH_PATHS_QUOTED_FOR_TARGET_40)",
					"$(LIBRARY_SEARCH_PATHS_QUOTED_FOR_TARGET_41)",
					"$(LIBRARY_SEARCH_PATHS_QUOTED_FOR_TARGET_42)",
					"$(LIBRARY_SEARCH_PATHS_QUOTED_FOR_TARGET_43)",
					"$(LIBRARY_SEARCH_PATHS_QUOTED_FOR_TARGET_44)",
					"$(LIBRARY_SEARCH_PATHS_QUOTED_FOR_TARGET_45)",
					"$(LIBRARY_SEARCH_PATHS_QUOTED_FOR_TARGET_46)",
					"$(LIBRARY_SEARCH_PATHS_QUOTED_FOR_TARGET_47)",
					"$(LIBRARY_SEARCH_PATHS_QUOTED_FOR_TARGET_48)",
					"$(LIBRARY_SEARCH_PATHS_QUOTED_FOR_TARGET_49)",
					"$(LIBRARY_SEARCH_PATHS_QUOTED_FOR_TARGET_50)",
					"$(LIBRARY_SEARCH_PATHS_QUOTED_FOR_TARGET_51)",
					"$(LIBRARY_SEARCH_PATHS_QUOTED_FOR_TARGET_52)",
					"$(LIBRARY_SEARCH_PATHS_QUOTED_FOR_TARGET_1)",
					"$(LIBRARY_SEARCH_PATHS_QUOTED_FOR_TARGET_2)",
					"$(LIBRARY_SEARCH_PATHS_QUOTED_FOR_TARGET_3)",
					"$(LIBRARY_SEARCH_PATHS_QUOTED_FOR_TARGET_4)",
					"$(LIBRARY_SEARCH_PATHS_QUOTED_FOR_TARGET_5)",
					"$(LIBRARY_SEARCH_PATHS_QUOTED_FOR_TARGET_6)",
					"$(LIBRARY_SEARCH_PATHS_QUOTED_FOR_TARGET_7)",
					"$(LIBRARY_SEARCH_PATHS_QUOTED_FOR_TARGET_8)",
				);
				LIBRARY_SEARCH_PATHS_QUOTED_FOR_TARGET_1 = "\"$(SRCROOT)/../../../addons/ofxOpenCv/libs/opencv/lib/android/armeabi\"";
				LIBRARY_SEARCH_PATHS_QUOTED_FOR_TARGET_2 = "\"$(SRCROOT)/../../../addons/ofxOpenCv/libs/opencv/lib/android/armeabi-v7a\"";
				LIBRARY_SEARCH_PATHS_QUOTED_FOR_TARGET_3 = "\"$(SRCROOT)/../../../addons/ofxOpenCv/libs/opencv/lib/iphone\"";
				LIBRARY_SEARCH_PATHS_QUOTED_FOR_TARGET_4 = "\"$(SRCROOT)/../../../addons/ofxOpenCv/libs/opencv/lib/linux\"";
				LIBRARY_SEARCH_PATHS_QUOTED_FOR_TARGET_5 = "\"$(SRCROOT)/../../../addons/ofxOpenCv/libs/opencv/lib/linux64\"";
				LIBRARY_SEARCH_PATHS_QUOTED_FOR_TARGET_6 = "\"$(SRCROOT)/../../../addons/ofxOpenCv/libs/opencv/lib/osx\"";
				LIBRARY_SEARCH_PATHS_QUOTED_FOR_TARGET_7 = "\"$(SRCROOT)/../../../addons/ofxOpenCv/libs/opencv/lib/vs2010\"";
				LIBRARY_SEARCH_PATHS_QUOTED_FOR_TARGET_8 = "\"$(SRCROOT)/../../../addons/ofxOpenCv/libs/opencv/lib/win_cb\"";
				PREBINDING = NO;
				PRODUCT_NAME = ofxFernCameraDemoDebug;
				WRAPPER_EXTENSION = app;
			};
			name = Debug;
		};
		E4B69B610A3A1757003C02F2 /* Release */ = {
			isa = XCBuildConfiguration;
			buildSettings = {
				COPY_PHASE_STRIP = YES;
				FRAMEWORK_SEARCH_PATHS = (
					"$(inherited)",
					"$(FRAMEWORK_SEARCH_PATHS_QUOTED_FOR_TARGET_1)",
				);
				FRAMEWORK_SEARCH_PATHS_QUOTED_FOR_TARGET_1 = "\"$(SRCROOT)/../../../libs/glut/lib/osx\"";
				GCC_ENABLE_FIX_AND_CONTINUE = NO;
				GCC_GENERATE_DEBUGGING_SYMBOLS = NO;
				GCC_MODEL_TUNING = G4;
				GCC_PRECOMPILE_PREFIX_HEADER = YES;
				GCC_PREFIX_HEADER = "$(SYSTEM_LIBRARY_DIR)/Frameworks/Carbon.framework/Headers/Carbon.h";
				INFOPLIST_FILE = "openFrameworks-Info.plist";
				INSTALL_PATH = "$(HOME)/Applications";
				LIBRARY_SEARCH_PATHS = (
					"$(inherited)",
					"$(LIBRARY_SEARCH_PATHS_QUOTED_FOR_TARGET_1)",
					"$(LIBRARY_SEARCH_PATHS_QUOTED_FOR_TARGET_2)",
					"$(LIBRARY_SEARCH_PATHS_QUOTED_FOR_TARGET_3)",
					"$(LIBRARY_SEARCH_PATHS_QUOTED_FOR_TARGET_4)",
					"$(LIBRARY_SEARCH_PATHS_QUOTED_FOR_TARGET_5)",
					"$(LIBRARY_SEARCH_PATHS_QUOTED_FOR_TARGET_6)",
					"$(LIBRARY_SEARCH_PATHS_QUOTED_FOR_TARGET_7)",
					"$(LIBRARY_SEARCH_PATHS_QUOTED_FOR_TARGET_8)",
					"$(LIBRARY_SEARCH_PATHS_QUOTED_FOR_TARGET_9)",
					"$(LIBRARY_SEARCH_PATHS_QUOTED_FOR_TARGET_10)",
					"$(LIBRARY_SEARCH_PATHS_QUOTED_FOR_TARGET_11)",
					"$(LIBRARY_SEARCH_PATHS_QUOTED_FOR_TARGET_12)",
					"$(LIBRARY_SEARCH_PATHS_QUOTED_FOR_TARGET_13)",
					"$(LIBRARY_SEARCH_PATHS_QUOTED_FOR_TARGET_14)",
					"$(LIBRARY_SEARCH_PATHS_QUOTED_FOR_TARGET_15)",
					"$(LIBRARY_SEARCH_PATHS_QUOTED_FOR_TARGET_2)",
					"$(LIBRARY_SEARCH_PATHS_QUOTED_1)",
					"$(LIBRARY_SEARCH_PATHS_QUOTED_FOR_TARGET_3)",
					"$(LIBRARY_SEARCH_PATHS_QUOTED_FOR_TARGET_7)",
					"$(LIBRARY_SEARCH_PATHS_QUOTED_FOR_TARGET_8)",
					"$(LIBRARY_SEARCH_PATHS_QUOTED_FOR_TARGET_9)",
					"$(LIBRARY_SEARCH_PATHS_QUOTED_FOR_TARGET_10)",
					"$(LIBRARY_SEARCH_PATHS_QUOTED_FOR_TARGET_11)",
					"$(LIBRARY_SEARCH_PATHS_QUOTED_FOR_TARGET_12)",
					"$(LIBRARY_SEARCH_PATHS_QUOTED_FOR_TARGET_13)",
					"$(LIBRARY_SEARCH_PATHS_QUOTED_FOR_TARGET_16)",
					"$(LIBRARY_SEARCH_PATHS_QUOTED_FOR_TARGET_17)",
					"$(LIBRARY_SEARCH_PATHS_QUOTED_FOR_TARGET_18)",
					"$(LIBRARY_SEARCH_PATHS_QUOTED_FOR_TARGET_19)",
					"$(LIBRARY_SEARCH_PATHS_QUOTED_FOR_TARGET_20)",
					"$(LIBRARY_SEARCH_PATHS_QUOTED_FOR_TARGET_21)",
					"$(LIBRARY_SEARCH_PATHS_QUOTED_FOR_TARGET_22)",
					"$(LIBRARY_SEARCH_PATHS_QUOTED_FOR_TARGET_23)",
					"$(LIBRARY_SEARCH_PATHS_QUOTED_FOR_TARGET_24)",
					"$(LIBRARY_SEARCH_PATHS_QUOTED_FOR_TARGET_25)",
					"$(LIBRARY_SEARCH_PATHS_QUOTED_FOR_TARGET_26)",
					"$(LIBRARY_SEARCH_PATHS_QUOTED_FOR_TARGET_27)",
					"$(LIBRARY_SEARCH_PATHS_QUOTED_FOR_TARGET_28)",
					"$(LIBRARY_SEARCH_PATHS_QUOTED_FOR_TARGET_29)",
					"$(LIBRARY_SEARCH_PATHS_QUOTED_FOR_TARGET_30)",
					"$(LIBRARY_SEARCH_PATHS_QUOTED_FOR_TARGET_31)",
					"$(LIBRARY_SEARCH_PATHS_QUOTED_FOR_TARGET_32)",
					"$(LIBRARY_SEARCH_PATHS_QUOTED_FOR_TARGET_33)",
					"$(LIBRARY_SEARCH_PATHS_QUOTED_FOR_TARGET_34)",
					"$(LIBRARY_SEARCH_PATHS_QUOTED_FOR_TARGET_35)",
					"$(LIBRARY_SEARCH_PATHS_QUOTED_FOR_TARGET_36)",
					"$(LIBRARY_SEARCH_PATHS_QUOTED_FOR_TARGET_37)",
					"$(LIBRARY_SEARCH_PATHS_QUOTED_FOR_TARGET_38)",
					"$(LIBRARY_SEARCH_PATHS_QUOTED_FOR_TARGET_39)",
					"$(LIBRARY_SEARCH_PATHS_QUOTED_FOR_TARGET_40)",
					"$(LIBRARY_SEARCH_PATHS_QUOTED_FOR_TARGET_41)",
					"$(LIBRARY_SEARCH_PATHS_QUOTED_FOR_TARGET_42)",
					"$(LIBRARY_SEARCH_PATHS_QUOTED_FOR_TARGET_43)",
					"$(LIBRARY_SEARCH_PATHS_QUOTED_FOR_TARGET_44)",
					"$(LIBRARY_SEARCH_PATHS_QUOTED_FOR_TARGET_45)",
					"$(LIBRARY_SEARCH_PATHS_QUOTED_FOR_TARGET_46)",
					"$(LIBRARY_SEARCH_PATHS_QUOTED_FOR_TARGET_47)",
					"$(LIBRARY_SEARCH_PATHS_QUOTED_FOR_TARGET_48)",
					"$(LIBRARY_SEARCH_PATHS_QUOTED_FOR_TARGET_49)",
					"$(LIBRARY_SEARCH_PATHS_QUOTED_FOR_TARGET_50)",
					"$(LIBRARY_SEARCH_PATHS_QUOTED_FOR_TARGET_51)",
					"$(LIBRARY_SEARCH_PATHS_QUOTED_FOR_TARGET_1)",
					"$(LIBRARY_SEARCH_PATHS_QUOTED_FOR_TARGET_2)",
					"$(LIBRARY_SEARCH_PATHS_QUOTED_FOR_TARGET_3)",
					"$(LIBRARY_SEARCH_PATHS_QUOTED_FOR_TARGET_4)",
					"$(LIBRARY_SEARCH_PATHS_QUOTED_FOR_TARGET_5)",
					"$(LIBRARY_SEARCH_PATHS_QUOTED_FOR_TARGET_6)",
					"$(LIBRARY_SEARCH_PATHS_QUOTED_FOR_TARGET_7)",
					"$(LIBRARY_SEARCH_PATHS_QUOTED_FOR_TARGET_8)",
				);
				LIBRARY_SEARCH_PATHS_QUOTED_FOR_TARGET_1 = "\"$(SRCROOT)/../../../addons/ofxOpenCv/libs/opencv/lib/android/armeabi\"";
				LIBRARY_SEARCH_PATHS_QUOTED_FOR_TARGET_2 = "\"$(SRCROOT)/../../../addons/ofxOpenCv/libs/opencv/lib/android/armeabi-v7a\"";
				LIBRARY_SEARCH_PATHS_QUOTED_FOR_TARGET_3 = "\"$(SRCROOT)/../../../addons/ofxOpenCv/libs/opencv/lib/iphone\"";
				LIBRARY_SEARCH_PATHS_QUOTED_FOR_TARGET_4 = "\"$(SRCROOT)/../../../addons/ofxOpenCv/libs/opencv/lib/linux\"";
				LIBRARY_SEARCH_PATHS_QUOTED_FOR_TARGET_5 = "\"$(SRCROOT)/../../../addons/ofxOpenCv/libs/opencv/lib/linux64\"";
				LIBRARY_SEARCH_PATHS_QUOTED_FOR_TARGET_6 = "\"$(SRCROOT)/../../../addons/ofxOpenCv/libs/opencv/lib/osx\"";
				LIBRARY_SEARCH_PATHS_QUOTED_FOR_TARGET_7 = "\"$(SRCROOT)/../../../addons/ofxOpenCv/libs/opencv/lib/vs2010\"";
				LIBRARY_SEARCH_PATHS_QUOTED_FOR_TARGET_8 = "\"$(SRCROOT)/../../../addons/ofxOpenCv/libs/opencv/lib/win_cb\"";
				PREBINDING = NO;
				PRODUCT_NAME = ofxFernCameraDemo;
				WRAPPER_EXTENSION = app;
			};
			name = Release;
		};
/* End XCBuildConfiguration section */

/* Begin XCConfigurationList section */
		E4B69B4D0A3A1720003C02F2 /* Build configuration list for PBXProject "ofxFernCameraDemo" */ = {
			isa = XCConfigurationList;
			buildConfigurations = (
				E4B69B4E0A3A1720003C02F2 /* Debug */,
				E4B69B4F0A3A1720003C02F2 /* Release */,
			);
			defaultConfigurationIsVisible = 0;
			defaultConfigurationName = Release;
		};
		E4B69B5F0A3A1757003C02F2 /* Build configuration list for PBXNativeTarget "ofxFernCameraDemo" */ = {
			isa = XCConfigurationList;
			buildConfigurations = (
				E4B69B600A3A1757003C02F2 /* Debug */,
				E4B69B610A3A1757003C02F2 /* Release */,
			);
			defaultConfigurationIsVisible = 0;
			defaultConfigurationName = Release;
		};
/* End XCConfigurationList section */
	};
	rootObject = E4B69B4C0A3A1720003C02F2 /* Project object */;
}
